{
  "requires": true,
  "lockfileVersion": 1,
  "dependencies": {
    "webpack-node-externals": {
      "version": "2.5.1",
      "resolved": "https://registry.npmjs.org/webpack-node-externals/-/webpack-node-externals-2.5.1.tgz",
      "integrity": "sha512-RWxKGibUU5kuJT6JDYmXGa3QsZskqIaiBvZ2wBxHlJzWVJPOyBMnroXf23uxEHnj1rYS8jNdyUfrNAXJ2bANNw=="
    }
  }
}
